
Microsoft Visual Studio Solution File, Format Version 12.00
# Visual Studio Version 17
VisualStudioVersion = 17.9.34728.123
MinimumVisualStudioVersion = 10.0.40219.1
Project("{FAE04EC0-301F-11D3-BF4B-00C04F79EFBC}") = "OtokarComm", "OtokarComm\OtokarComm.csproj", "{7904E87B-B69D-46D6-999A-B4AF4A0D7C17}"
EndProject
Global
	GlobalSection(SolutionConfigurationPlatforms) = preSolution
		Debug|Any CPU = Debug|Any CPU
		Release|Any CPU = Release|Any CPU
	EndGlobalSection
	GlobalSection(ProjectConfigurationPlatforms) = postSolution
		{7904E87B-B69D-46D6-999A-B4AF4A0D7C17}.Debug|Any CPU.ActiveCfg = Debug|Any CPU
		{7904E87B-B69D-46D6-999A-B4AF4A0D7C17}.Debug|Any CPU.Build.0 = Debug|Any CPU
		{7904E87B-B69D-46D6-999A-B4AF4A0D7C17}.Release|Any CPU.ActiveCfg = Release|Any CPU
		{7904E87B-B69D-46D6-999A-B4AF4A0D7C17}.Release|Any CPU.Build.0 = Release|Any CPU
	EndGlobalSection
	GlobalSection(SolutionProperties) = preSolution
		HideSolutionNode = FALSE
	EndGlobalSection
	GlobalSection(ExtensibilityGlobals) = postSolution
		SolutionGuid = {0DE47D05-4AB3-4D62-B90B-F18BCB3966B4}
	EndGlobalSection
EndGlobal
